{
  "name": "ai-code-reviewer",
  "lockfileVersion": 3,
  "requires": true,
  "packages": {
    "": {
      "dependencies": {
        "groq-sdk": "^1.2.0"
      }
    },
    "node_modules/groq-sdk": {
      "version": "1.2.0",
      "resolved": "https://registry.npmjs.org/groq-sdk/-/groq-sdk-1.2.0.tgz",
      "integrity": "sha512-pMhSYXWcjiqvbOeKdv2zjci1BYjGdp04a40hnmQmJpKJyB6oa+gRndAqE128gwR0NLgYO+Wt1fIF46KNHcplsw==",
      "license": "Apache-2.0",
      "bin": {
        "groq-sdk": "bin/cli"
      }
    }
  }
}
